# This file is @generated by PDM.
# It is not intended for manual editing.

[metadata]
groups = ["default"]
strategy = ["inherit_metadata"]
lock_version = "4.5.0"
content_hash = "sha256:0ec7a2c8a73a8f5cd4571296c3a06878defb3b03df6ac4603a9d0bc5a57a126a"

[[metadata.targets]]
requires_python = "==3.9.*"

[[package]]
name = "alembic"
version = "1.0.0"
requires_python = ">=2.7, !=3.0.*, !=3.1.*, !=3.2.*, !=3.3.*"
summary = "A database migration tool for SQLAlchemy."
groups = ["default"]
dependencies = [
    "Mako",
    "SQLAlchemy>=0.9.0",
    "python-dateutil",
    "python-editor>=0.3",
]
files = [
    {file = "alembic-1.0.0-py2.py3-none-any.whl", hash = "sha256:eb7db9b4510562ec37c91d00b00d95fde076c1030d3f661aea882eec532b3565"},
    {file = "alembic-1.0.0.tar.gz", hash = "sha256:52d73b1d750f1414fa90c25a08da47b87de1e4ad883935718a8f36396e19e78e"},
]

[[package]]
name = "apache-libcloud"
version = "3.4.1"
requires_python = ">=3.5, <4"
summary = "A standard Python library that abstracts away differences among multiple cloud provider APIs. For more information and documentation, please see https://libcloud.apache.org"
groups = ["default"]
dependencies = [
    "requests>=2.5.0",
]
files = [
    {file = "apache-libcloud-3.4.1.tar.gz", hash = "sha256:88f18da0cf3fac0af723e743fb741d9d1be251881edab7a5a0d1629955b5011b"},
    {file = "apache_libcloud-3.4.1-py2.py3-none-any.whl", hash = "sha256:af1a5b3cda7bc3220093726ff67dbb70928521e2ec19d0e33a31b1e22fde1850"},
]

[[package]]
name = "argparse"
version = "1.4.0"
summary = "Python command-line parsing library"
groups = ["default"]
files = [
    {file = "argparse-1.4.0-py2.py3-none-any.whl", hash = "sha256:c31647edb69fd3d465a847ea3157d37bed1f95f19760b11a47aa91c04b666314"},
    {file = "argparse-1.4.0.tar.gz", hash = "sha256:62b089a55be1d8949cd2bc7e0df0bddb9e028faefc8c32038cc84862aefdd6e4"},
]

[[package]]
name = "atpublic"
version = "5.1"
requires_python = ">=3.9"
summary = "Keep all y'all's __all__'s in sync"
groups = ["default"]
files = [
    {file = "atpublic-5.1-py3-none-any.whl", hash = "sha256:135783dbd887fbddb6ef032d104da70c124f2b44b9e2d79df07b9da5334825e3"},
    {file = "atpublic-5.1.tar.gz", hash = "sha256:abc1f4b3dbdd841cc3539e4b5e4f3ad41d658359de704e30cb36da4d4e9d3022"},
]

[[package]]
name = "babel"
version = "2.7.0"
requires_python = ">=2.7, !=3.0.*, !=3.1.*, !=3.2.*, !=3.3.*"
summary = "Internationalization utilities"
groups = ["default"]
dependencies = [
    "pytz>=2015.7",
]
files = [
    {file = "Babel-2.7.0-py2.py3-none-any.whl", hash = "sha256:af92e6106cb7c55286b25b38ad7695f8b4efb36a90ba483d7f7a6628c46158ab"},
    {file = "Babel-2.7.0.tar.gz", hash = "sha256:e86135ae101e31e2c8ec20a4e0c5220f4eed12487d5cf3f78be7e98d3a57fc28"},
]

[[package]]
name = "base32-crockford"
version = "0.3.0"
summary = "A Python implementation of Douglas Crockford's base32 encoding scheme"
groups = ["default"]
files = [
    {file = "base32-crockford-0.3.0.tar.gz", hash = "sha256:115f5bd32ae32b724035cb02eb65069a8824ea08c08851eb80c8b9f63443a969"},
    {file = "base32_crockford-0.3.0-py2.py3-none-any.whl", hash = "sha256:295ef5ffbf6ed96b6e739ffd36be98fa7e90a206dd18c39acefb15777eedfe6e"},
]

[[package]]
name = "beaker"
version = "1.11.0"
summary = "A Session and Caching library with WSGI Middleware"
groups = ["default"]
files = [
    {file = "Beaker-1.11.0.tar.gz", hash = "sha256:ad5d1c05027ee3be3a482ea39f8cb70339b41e5d6ace0cb861382754076d187e"},
]

[[package]]
name = "bleach"
version = "3.1.4"
requires_python = ">=2.7, !=3.0.*, !=3.1.*, !=3.2.*, !=3.3.*, !=3.4.*"
summary = "An easy safelist-based HTML-sanitizing tool."
groups = ["default"]
dependencies = [
    "six>=1.9.0",
    "webencodings",
]
files = [
    {file = "bleach-3.1.4-py2.py3-none-any.whl", hash = "sha256:cc8da25076a1fe56c3ac63671e2194458e0c4d9c7becfd52ca251650d517903c"},
    {file = "bleach-3.1.4.tar.gz", hash = "sha256:e78e426105ac07026ba098f04de8abe9b6e3e98b5befbf89b51a5ef0a4292b03"},
]

[[package]]
name = "blinker"
version = "1.9.0"
requires_python = ">=3.9"
summary = "Fast, simple object-to-object and broadcast signaling"
groups = ["default"]
files = [
    {file = "blinker-1.9.0-py3-none-any.whl", hash = "sha256:ba0efaa9080b619ff2f3459d1d500c57bddea4a6b424b60a91141db6fd2f08bc"},
    {file = "blinker-1.9.0.tar.gz", hash = "sha256:b4ce2265a7abece45e7cc896e98dbebe6cead56bcf805a3d23136d145f5445bf"},
]

[[package]]
name = "boto3"
version = "1.20.26"
requires_python = ">= 3.6"
summary = "The AWS SDK for Python"
groups = ["default"]
dependencies = [
    "botocore<1.24.0,>=1.23.26",
    "jmespath<1.0.0,>=0.7.1",
    "s3transfer<0.6.0,>=0.5.0",
]
files = [
    {file = "boto3-1.20.26-py3-none-any.whl", hash = "sha256:e8787a7f7c212d5b469dd8b998560c1b8e63badad5ceefb8331f4580386af044"},
    {file = "boto3-1.20.26.tar.gz", hash = "sha256:9c13f5c8fadf29088fac5feab849399169b6e8438c3b9a2310abdb7e5013ab65"},
]

[[package]]
name = "botocore"
version = "1.23.54"
requires_python = ">= 3.6"
summary = "Low-level, data-driven core of boto 3."
groups = ["default"]
dependencies = [
    "jmespath<1.0.0,>=0.7.1",
    "python-dateutil<3.0.0,>=2.1",
    "urllib3<1.27,>=1.25.4",
]
files = [
    {file = "botocore-1.23.54-py3-none-any.whl", hash = "sha256:06ae8076c4dcf3d72bec4d37e5f2dce4a92a18a8cdaa3bfaa6e3b7b5e30a8d7e"},
    {file = "botocore-1.23.54.tar.gz", hash = "sha256:4bb9ba16cccee5f5a2602049bc3e2db6865346b2550667f3013bdf33b0a01ceb"},
]

[[package]]
name = "certifi"
version = "2021.5.30"
summary = "Python package for providing Mozilla's CA Bundle."
groups = ["default"]
files = [
    {file = "certifi-2021.5.30-py2.py3-none-any.whl", hash = "sha256:50b1e4f8446b06f41be7dd6338db18e0990601dce795c2b1686458aa7e8fa7d8"},
    {file = "certifi-2021.5.30.tar.gz", hash = "sha256:2bbf76fd432960138b3ef6dda3dde0544f27cbf8546c458e60baf371917ba9ee"},
]

[[package]]
name = "chardet"
version = "4.0.0"
requires_python = ">=2.7, !=3.0.*, !=3.1.*, !=3.2.*, !=3.3.*, !=3.4.*"
summary = "Universal encoding detector for Python 2 and 3"
groups = ["default"]
files = [
    {file = "chardet-4.0.0-py2.py3-none-any.whl", hash = "sha256:f864054d66fd9118f2e67044ac8981a54775ec5b67aed0441892edb553d21da5"},
    {file = "chardet-4.0.0.tar.gz", hash = "sha256:0d6f53a15db4120f2b08c94f11e7d93d2c911ee118b6b30a04ec3ee8310179fa"},
]

[[package]]
name = "ckan"
version = "2.9.9b0"
git = "https://github.com/EnviDat/ckan-forked.git"
ref = "2.9"
revision = "7bd30e00ec5665b7ce3e24ec82d7e66664845a0d"
summary = "CKAN Software"
groups = ["default"]

[[package]]
name = "ckanapi"
version = "4.8"
summary = "A command line interface and Python module for accessing the CKAN Action API"
groups = ["default"]
dependencies = [
    "docopt",
    "python-slugify<5.0,>=1.0; python_version < \"3.0\"",
    "python-slugify>=1.0; python_version >= \"3.0\"",
    "requests",
    "setuptools",
    "simplejson",
    "six<2.0,>=1.9",
]
files = [
    {file = "ckanapi-4.8-py3-none-any.whl", hash = "sha256:a6ac36b55321368cf39d70f701542276fe098484517e339adf18595f30c076b8"},
    {file = "ckanapi-4.8.tar.gz", hash = "sha256:3a98d81e6cb7480883eb1d031740205d3e94176376e9d284d218829d81d0afed"},
]

[[package]]
name = "ckanext-cloudstorage"
version = "0.1.2"
path = "./ckanext/ckanext-cloudstorage"
summary = "Cloud storage for CKAN"
groups = ["default"]
dependencies = [
    "apache-libcloud~=3.4.1",
]

[[package]]
name = "ckanext-composite"
version = "0.0.2"
path = "./ckanext/ckanext-composite"
summary = "\"Structured metadata extension for CKAN\""
groups = ["default"]

[[package]]
name = "ckanext-datacite-publication"
version = "0.0.1"
path = "./ckanext/ckanext-datacite_publication"
summary = "Extension to mint DOIs and publish CKAN datasets in DataCite"
groups = ["default"]

[[package]]
name = "ckanext-hierarchy"
version = "0.1"
path = "./ckanext/ckanext-hierarchy"
summary = "CKAN Organization hierarchy - templates and configuration"
groups = ["default"]

[[package]]
name = "ckanext-oaipmh-repository"
version = "0.0.1"
path = "./ckanext/ckanext-oaipmh_repository"
summary = "A OAI-PMH Data Provider (repository) extension for CKAN"
groups = ["default"]

[[package]]
name = "ckanext-package-converter"
version = "0.0.1"
path = "./ckanext/ckanext-package_converter"
summary = "\"Extension to export and import CKAN packages in different formats"
groups = ["default"]

[[package]]
name = "ckanext-passwordless"
version = "0.0.1"
path = "./ckanext/ckanext-passwordless"
summary = "Extension to allow paswordless login in CKAN"
groups = ["default"]

[[package]]
name = "ckanext-passwordless-api"
version = "1.1.1"
requires_python = ">=3.8"
summary = "Extension to allow paswordless login to the CKAN API"
groups = ["default"]
dependencies = [
    "requests>=2.25.1",
]
files = [
    {file = "ckanext-passwordless-api-1.1.1.tar.gz", hash = "sha256:3ad7bb591a1ce5c05aae1247c32d351811a8473b2ffabc9608387fe0a759255b"},
    {file = "ckanext_passwordless_api-1.1.1-py3-none-any.whl", hash = "sha256:a7fef5612afb639b5258ea63ce28d5a19315b550c8e8809c88e6d4b98f94f612"},
]

[[package]]
name = "ckanext-repeating"
version = "0.0.1"
path = "./ckanext/ckanext-repeating"
summary = "Repeating fields for CKAN"
groups = ["default"]

[[package]]
name = "ckanext-restricted"
version = "0.0.4"
path = "./ckanext/ckanext-restricted"
summary = "Data restricting access extension for CKAN"
groups = ["default"]

[[package]]
name = "ckanext-scheming"
version = "2.0.0"
path = "./ckanext/ckanext-scheming"
summary = "Easy, sharable custom CKAN schemas"
groups = ["default"]

[[package]]
name = "ckanext-spatial"
version = "0.2"
path = "./ckanext/ckanext-spatial"
summary = "Geo-related plugins for CKAN"
groups = ["default"]

[[package]]
name = "ckantoolkit"
version = "0.0.4"
summary = ""
groups = ["default"]
files = [
    {file = "ckantoolkit-0.0.4.tar.gz", hash = "sha256:b1a8a760006d240cb34a38aa00c0cb2d7b0d3ff821c19291cc255069fa7b70df"},
]

[[package]]
name = "click"
version = "7.1.2"
requires_python = ">=2.7, !=3.0.*, !=3.1.*, !=3.2.*, !=3.3.*, !=3.4.*"
summary = "Composable command line interface toolkit"
groups = ["default"]
files = [
    {file = "click-7.1.2-py2.py3-none-any.whl", hash = "sha256:dacca89f4bfadd5de3d7489b7c8a566eee0d3676333fbb50030263894c38c0dc"},
    {file = "click-7.1.2.tar.gz", hash = "sha256:d2b5255c7c6349bc1bd1e59e08cd12acbbd63ce649f2588755783aa94dfb6b1a"},
]

[[package]]
name = "docopt"
version = "0.6.2"
summary = "Pythonic argument parser, that will make you smile"
groups = ["default"]
files = [
    {file = "docopt-0.6.2.tar.gz", hash = "sha256:49b3a825280bd66b3aa83585ef59c4a8c82f2c8a522dbe754a8bc8d08c85c491"},
]

[[package]]
name = "doigenerator"
version = "0.1"
git = "https://github.com/eawag-rdm/doigenerator.git"
ref = "master"
revision = "93619c67744d14f17ac4cf94570295a331a1134b"
summary = "Generates a DOI based on Crockford's base32 (http://www.crockford.com/wrmg/base32.html). The DOI will have six characters, including one checksum character."
groups = ["default"]
dependencies = [
    "base32-crockford>=0.3.0",
    "docopt>=0.6.2",
]

[[package]]
name = "dominate"
version = "2.4.0"
requires_python = ">=2.7, !=3.0.*, !=3.1.*, !=3.2.*, !=3.3.*"
summary = "Dominate is a Python library for creating and manipulating HTML documents using an elegant DOM API."
groups = ["default"]
files = [
    {file = "dominate-2.4.0-py2.py3-none-any.whl", hash = "sha256:6e833aea505f0236a9fc692326bac575f8bd38ae0f3a1bdc73d20ca606ac75d5"},
    {file = "dominate-2.4.0.tar.gz", hash = "sha256:a92474b4312bd8b4c1789792f3ec8c571cd8afa8e7502a2b1c64dd48cd67e59c"},
]

[[package]]
name = "fanstatic"
version = "1.1"
summary = "Flexible static resources for web applications"
groups = ["default"]
dependencies = [
    "WebOb>=1.2",
    "setuptools",
    "shutilwhich",
]
files = [
    {file = "fanstatic-1.1.tar.gz", hash = "sha256:f9938e3773625be5815723f5c19613993679bb3a4590748f92d57d66fed1323e"},
]

[[package]]
name = "feedgen"
version = "0.9.0"
summary = "Feed Generator (ATOM, RSS, Podcasts)"
groups = ["default"]
dependencies = [
    "lxml",
    "python-dateutil",
]
files = [
    {file = "feedgen-0.9.0.tar.gz", hash = "sha256:8e811bdbbed6570034950db23a4388453628a70e689a6e8303ccec430f5a804a"},
]

[[package]]
name = "flask"
version = "1.1.1"
requires_python = ">=2.7, !=3.0.*, !=3.1.*, !=3.2.*, !=3.3.*, !=3.4.*"
summary = "A simple framework for building complex web applications."
groups = ["default"]
dependencies = [
    "Jinja2>=2.10.1",
    "Werkzeug>=0.15",
    "click>=5.1",
    "itsdangerous>=0.24",
]
files = [
    {file = "Flask-1.1.1-py2.py3-none-any.whl", hash = "sha256:45eb5a6fd193d6cf7e0cf5d8a5b31f83d5faae0293695626f539a823e93b13f6"},
    {file = "Flask-1.1.1.tar.gz", hash = "sha256:13f9f196f330c7c2c5d7a5cf91af894110ca0215ac051b5844701f2bfd934d52"},
]

[[package]]
name = "flask-babel"
version = "1.0.0"
summary = "Adds i18n/l10n support to Flask applications"
groups = ["default"]
dependencies = [
    "Babel>=2.3",
    "Flask",
    "Jinja2>=2.5",
    "pytz",
]
files = [
    {file = "Flask-Babel-1.0.0.tar.gz", hash = "sha256:d6a70468f9a8919d59fba2a291a003da3a05ff884275dddbd965f3b98b09ab3e"},
    {file = "Flask_Babel-1.0.0-py3-none-any.whl", hash = "sha256:247f4ec34cf605d03781f480bccb1a5acb719df1d1a2a743c091ab3db5d5fde2"},
]

[[package]]
name = "flask-debugtoolbar"
version = "0.11.0"
summary = "A toolbar overlay for debugging Flask applications."
groups = ["default"]
dependencies = [
    "Blinker",
    "Flask>=0.8",
    "itsdangerous",
    "werkzeug",
]
files = [
    {file = "Flask-DebugToolbar-0.11.0.tar.gz", hash = "sha256:3c4e79d354ede014e6657c545a536d4fb273cc89e3fd6b4835b02e346dd3aab4"},
    {file = "Flask_DebugToolbar-0.11.0-py2.py3-none-any.whl", hash = "sha256:0e9a80d4c599233c68376e81cc99976200b5ac5248cfb24f18935cc5b69ac5b3"},
]

[[package]]
name = "flask-multistatic"
version = "1.0"
summary = "Simple flask plugin to allow overriding static files"
groups = ["default"]
dependencies = [
    "flask",
]
files = [
    {file = "flask-multistatic-1.0.tar.gz", hash = "sha256:f5e9c8e451dceb18dc6343a72021c93c5fc509fdf960fa41639c98cd33289b5c"},
]

[[package]]
name = "flufl-enum"
version = "6.1.0"
requires_python = ">=3.8"
summary = "A Python enumeration package"
groups = ["default"]
dependencies = [
    "atpublic",
]
files = [
    {file = "flufl_enum-6.1.0-py3-none-any.whl", hash = "sha256:e9cf10e0f3f3985ddba6d831dd48ca376139d243f8c805b58600ab74675c4312"},
    {file = "flufl_enum-6.1.0.tar.gz", hash = "sha256:1def2f98963d1c75732f46ea5b14e81cff7f3f6b55bc5ac951d2f955fdf6fc7f"},
]

[[package]]
name = "funcsigs"
version = "1.0.2"
summary = "Python function signatures from PEP362 for Python 2.6, 2.7 and 3.2+"
groups = ["default"]
dependencies = [
    "ordereddict; python_version < \"2.7\"",
]
files = [
    {file = "funcsigs-1.0.2-py2.py3-none-any.whl", hash = "sha256:330cc27ccbf7f1e992e69fef78261dc7c6569012cf397db8d3de0234e6c937ca"},
    {file = "funcsigs-1.0.2.tar.gz", hash = "sha256:a7bb0f2cf3a3fd1ab2732cb49eba4252c2af4240442415b4abce3b87022a8f50"},
]

[[package]]
name = "future"
version = "0.18.2"
requires_python = ">=2.6, !=3.0.*, !=3.1.*, !=3.2.*"
summary = "Clean single-source support for Python 3 and 2"
groups = ["default"]
files = [
    {file = "future-0.18.2.tar.gz", hash = "sha256:b1bead90b70cf6ec3f0710ae53a525360fa360d306a86583adc6bf83a4db537d"},
]

[[package]]
name = "geoalchemy"
version = "0.6"
summary = "Using SQLAlchemy with Spatial Databases"
groups = ["default"]
dependencies = [
    "SQLAlchemy>=0.6.1",
]
files = [
    {file = "GeoAlchemy-0.6.tar.gz", hash = "sha256:c1caa50527168328bad5565310d1f2bc642d788ad77940a174e1e857dee80514"},
]

[[package]]
name = "geoalchemy2"
version = "0.5.0"
summary = "Using SQLAlchemy with Spatial Databases"
groups = ["default"]
dependencies = [
    "SQLAlchemy>=0.8",
]
files = [
    {file = "GeoAlchemy2-0.5.0-py2.py3-none-any.whl", hash = "sha256:eed7a62f5a13d1bbfaff708b345da663fb32ef879b662db6254b46f22bb93fe1"},
    {file = "GeoAlchemy2-0.5.0.tar.gz", hash = "sha256:7d66d01af82d22bc37d3ebb1e73713b87ac5e116b3bc82ea4ec0584bbaa89f89"},
]

[[package]]
name = "gunicorn"
version = "20.1.0"
requires_python = ">=3.5"
summary = "WSGI HTTP Server for UNIX"
groups = ["default"]
dependencies = [
    "setuptools>=3.0",
]
files = [
    {file = "gunicorn-20.1.0-py3-none-any.whl", hash = "sha256:9dcc4547dbb1cb284accfb15ab5667a0e5d1881cc443e0677b4882a4067a807e"},
    {file = "gunicorn-20.1.0.tar.gz", hash = "sha256:e0a968b5ba15f8a328fdfd7ab1fcb5af4470c28aaf7e55df02a99bc13138e6e8"},
]

[[package]]
name = "idna"
version = "2.10"
requires_python = ">=2.7, !=3.0.*, !=3.1.*, !=3.2.*, !=3.3.*"
summary = "Internationalized Domain Names in Applications (IDNA)"
groups = ["default"]
files = [
    {file = "idna-2.10-py2.py3-none-any.whl", hash = "sha256:b97d804b1e9b523befed77c48dacec60e6dcb0b5391d57af6a65a312a90648c0"},
    {file = "idna-2.10.tar.gz", hash = "sha256:b307872f855b18632ce0c21c5e45be78c0ea7ae4c15c828c20788b26921eb3f6"},
]

[[package]]
name = "itsdangerous"
version = "1.1.0"
requires_python = ">=2.7, !=3.0.*, !=3.1.*, !=3.2.*, !=3.3.*"
summary = "Various helpers to pass data to untrusted environments and back."
groups = ["default"]
files = [
    {file = "itsdangerous-1.1.0-py2.py3-none-any.whl", hash = "sha256:b12271b2047cb23eeb98c8b5622e2e5c5e9abd9784a153e9d8ef9cb4dd09d749"},
    {file = "itsdangerous-1.1.0.tar.gz", hash = "sha256:321b033d07f2a4136d3ec762eac9f16a10ccd60f53c0c91af90217ace7ba1f19"},
]

[[package]]
name = "jinja2"
version = "2.10.1"
summary = "A small but fast and easy to use stand-alone template engine written in pure python."
groups = ["default"]
dependencies = [
    "MarkupSafe>=0.23",
]
files = [
    {file = "Jinja2-2.10.1-py2.py3-none-any.whl", hash = "sha256:14dd6caf1527abb21f08f86c784eac40853ba93edb79552aa1e4b8aef1b61c7b"},
    {file = "Jinja2-2.10.1.tar.gz", hash = "sha256:065c4f02ebe7f7cf559e49ee5a95fb800a9e4528727aec6f24402a5374c65013"},
]

[[package]]
name = "jmespath"
version = "0.10.0"
requires_python = ">=2.6, !=3.0.*, !=3.1.*, !=3.2.*"
summary = "JSON Matching Expressions"
groups = ["default"]
files = [
    {file = "jmespath-0.10.0-py2.py3-none-any.whl", hash = "sha256:cdf6525904cc597730141d61b36f2e4b8ecc257c420fa2f4549bac2c2d0cb72f"},
    {file = "jmespath-0.10.0.tar.gz", hash = "sha256:b85d0567b8666149a93172712e68920734333c0ce7e89b78b3e987f71e5ed4f9"},
]

[[package]]
name = "lxml"
version = "4.6.3"
requires_python = ">=2.7, !=3.0.*, !=3.1.*, !=3.2.*, !=3.3.*, != 3.4.*"
summary = "Powerful and Pythonic XML processing library combining libxml2/libxslt with the ElementTree API."
groups = ["default"]
files = [
    {file = "lxml-4.6.3-cp39-cp39-macosx_10_9_x86_64.whl", hash = "sha256:ce256aaa50f6cc9a649c51be3cd4ff142d67295bfc4f490c9134d0f9f6d58ef0"},
    {file = "lxml-4.6.3-cp39-cp39-manylinux1_i686.whl", hash = "sha256:7610b8c31688f0b1be0ef882889817939490a36d0ee880ea562a4e1399c447a1"},
    {file = "lxml-4.6.3-cp39-cp39-manylinux1_x86_64.whl", hash = "sha256:f8380c03e45cf09f8557bdaa41e1fa7c81f3ae22828e1db470ab2a6c96d8bc23"},
    {file = "lxml-4.6.3-cp39-cp39-manylinux2010_i686.whl", hash = "sha256:3082c518be8e97324390614dacd041bb1358c882d77108ca1957ba47738d9d59"},
    {file = "lxml-4.6.3-cp39-cp39-manylinux2014_aarch64.whl", hash = "sha256:884ab9b29feaca361f7f88d811b1eea9bfca36cf3da27768d28ad45c3ee6f969"},
    {file = "lxml-4.6.3-cp39-cp39-manylinux2014_x86_64.whl", hash = "sha256:6f12e1427285008fd32a6025e38e977d44d6382cf28e7201ed10d6c1698d2a9a"},
    {file = "lxml-4.6.3-cp39-cp39-win32.whl", hash = "sha256:33bb934a044cf32157c12bfcfbb6649807da20aa92c062ef51903415c704704f"},
    {file = "lxml-4.6.3-cp39-cp39-win_amd64.whl", hash = "sha256:542d454665a3e277f76954418124d67516c5f88e51a900365ed54a9806122b83"},
    {file = "lxml-4.6.3.tar.gz", hash = "sha256:39b78571b3b30645ac77b95f7c69d1bffc4cf8c3b157c435a34da72e78c82468"},
]

[[package]]
name = "mako"
version = "1.1.5"
requires_python = ">=2.7, !=3.0.*, !=3.1.*, !=3.2.*, !=3.3.*"
summary = "A super-fast templating language that borrows the  best ideas from the existing templating languages."
groups = ["default"]
dependencies = [
    "MarkupSafe>=0.9.2",
]
files = [
    {file = "Mako-1.1.5-py2.py3-none-any.whl", hash = "sha256:6804ee66a7f6a6416910463b00d76a7b25194cd27f1918500c5bd7be2a088a23"},
    {file = "Mako-1.1.5.tar.gz", hash = "sha256:169fa52af22a91900d852e937400e79f535496191c63712e3b9fda5a9bed6fc3"},
]

[[package]]
name = "markdown"
version = "3.3.3"
requires_python = ">=3.6"
summary = "Python implementation of Markdown."
groups = ["default"]
dependencies = [
    "importlib-metadata; python_version < \"3.8\"",
]
files = [
    {file = "Markdown-3.3.3-py3-none-any.whl", hash = "sha256:c109c15b7dc20a9ac454c9e6025927d44460b85bd039da028d85e2b6d0bcc328"},
    {file = "Markdown-3.3.3.tar.gz", hash = "sha256:5d9f2b5ca24bc4c7a390d22323ca4bad200368612b5aaa7796babf971d2b2f18"},
]

[[package]]
name = "markupsafe"
version = "1.1.1"
requires_python = ">=2.7,!=3.0.*,!=3.1.*,!=3.2.*,!=3.3.*"
summary = "Safely add untrusted strings to HTML/XML markup."
groups = ["default"]
files = [
    {file = "MarkupSafe-1.1.1-cp39-cp39-macosx_10_9_x86_64.whl", hash = "sha256:d73a845f227b0bfe8a7455ee623525ee656a9e2e749e4742706d80a6065d5e2c"},
    {file = "MarkupSafe-1.1.1-cp39-cp39-manylinux1_i686.whl", hash = "sha256:98bae9582248d6cf62321dcb52aaf5d9adf0bad3b40582925ef7c7f0ed85fceb"},
    {file = "MarkupSafe-1.1.1-cp39-cp39-manylinux1_x86_64.whl", hash = "sha256:2beec1e0de6924ea551859edb9e7679da6e4870d32cb766240ce17e0a0ba2014"},
    {file = "MarkupSafe-1.1.1-cp39-cp39-manylinux2010_i686.whl", hash = "sha256:7fed13866cf14bba33e7176717346713881f56d9d2bcebab207f7a036f41b850"},
    {file = "MarkupSafe-1.1.1-cp39-cp39-manylinux2010_x86_64.whl", hash = "sha256:6f1e273a344928347c1290119b493a1f0303c52f5a5eae5f16d74f48c15d4a85"},
    {file = "MarkupSafe-1.1.1-cp39-cp39-manylinux2014_aarch64.whl", hash = "sha256:feb7b34d6325451ef96bc0e36e1a6c0c1c64bc1fbec4b854f4529e51887b1621"},
    {file = "MarkupSafe-1.1.1-cp39-cp39-win32.whl", hash = "sha256:22c178a091fc6630d0d045bdb5992d2dfe14e3259760e713c490da5323866c39"},
    {file = "MarkupSafe-1.1.1-cp39-cp39-win_amd64.whl", hash = "sha256:b7d644ddb4dbd407d31ffb699f1d140bc35478da613b441c582aeb7c43838dd8"},
    {file = "MarkupSafe-1.1.1.tar.gz", hash = "sha256:29872e92839765e546828bb7754a68c418d927cd064fd4708fab9fe9c8bb116b"},
]

[[package]]
name = "nose"
version = "1.3.7"
summary = "nose extends unittest to make testing easier"
groups = ["default"]
files = [
    {file = "nose-1.3.7-py3-none-any.whl", hash = "sha256:9ff7c6cc443f8c51994b34a667bbcf45afd6d945be7477b52e97516fd17c53ac"},
    {file = "nose-1.3.7.tar.gz", hash = "sha256:f1bffef9cbc82628f6e7d7b40d7e255aefaa1adb6a1b1d26c69a8b79e6208a98"},
]

[[package]]
name = "owslib"
version = "0.18.0"
summary = "OGC Web Service utility library"
groups = ["default"]
dependencies = [
    "pyproj",
    "python-dateutil>=1.5",
    "pytz",
    "requests>=1.0",
]
files = [
    {file = "OWSLib-0.18.0.tar.gz", hash = "sha256:f5645c2f28a058a794309e0349038139f2f0e2065aa40b017d6cad5baf171705"},
]

[[package]]
name = "passlib"
version = "1.6.5"
summary = "comprehensive password hashing framework supporting over 30 schemes"
groups = ["default"]
files = [
    {file = "passlib-1.6.5-py2.py3-none-any.whl", hash = "sha256:ad631a58dc8abeb0f48016c13f4b3b0f3a7b1045a8cb3c61dd15e2d95b45c472"},
    {file = "passlib-1.6.5.tar.gz", hash = "sha256:a83d34f53dc9b17aa42c9a35c3fbcc5120f3fcb07f7f8721ec45e6a27be347fc"},
]

[[package]]
name = "polib"
version = "1.0.7"
summary = "A library to manipulate gettext files (po and mo files)."
groups = ["default"]
files = [
    {file = "polib-1.0.7-py2.py3-none-any.whl", hash = "sha256:d70a315cd5c6adfe7adcf9b541b023348c8b714587e5357886c7e990a91216f3"},
    {file = "polib-1.0.7.tar.gz", hash = "sha256:43ce60d05ffa442ba9d3c5722193aadb93c38174b9fb471c8ea7ccbf8349bbca"},
]

[[package]]
name = "psycopg2-binary"
version = "2.9.3"
requires_python = ">=3.6"
summary = "psycopg2 - Python-PostgreSQL Database Adapter"
groups = ["default"]
files = [
    {file = "psycopg2-binary-2.9.3.tar.gz", hash = "sha256:761df5313dc15da1502b21453642d7599d26be88bff659382f8f9747c7ebea4e"},
    {file = "psycopg2_binary-2.9.3-cp39-cp39-macosx_10_14_x86_64.macosx_10_9_intel.macosx_10_9_x86_64.macosx_10_10_intel.macosx_10_10_x86_64.whl", hash = "sha256:47133f3f872faf28c1e87d4357220e809dfd3fa7c64295a4a148bcd1e6e34ec9"},
    {file = "psycopg2_binary-2.9.3-cp39-cp39-macosx_11_0_arm64.whl", hash = "sha256:b3a24a1982ae56461cc24f6680604fffa2c1b818e9dc55680da038792e004d18"},
    {file = "psycopg2_binary-2.9.3-cp39-cp39-manylinux_2_17_i686.manylinux2014_i686.whl", hash = "sha256:91920527dea30175cc02a1099f331aa8c1ba39bf8b7762b7b56cbf54bc5cce42"},
    {file = "psycopg2_binary-2.9.3-cp39-cp39-manylinux_2_17_x86_64.manylinux2014_x86_64.whl", hash = "sha256:887dd9aac71765ac0d0bac1d0d4b4f2c99d5f5c1382d8b770404f0f3d0ce8a39"},
    {file = "psycopg2_binary-2.9.3-cp39-cp39-manylinux_2_24_aarch64.whl", hash = "sha256:1f14c8b0942714eb3c74e1e71700cbbcb415acbc311c730370e70c578a44a25c"},
    {file = "psycopg2_binary-2.9.3-cp39-cp39-manylinux_2_24_ppc64le.whl", hash = "sha256:7af0dd86ddb2f8af5da57a976d27cd2cd15510518d582b478fbb2292428710b4"},
    {file = "psycopg2_binary-2.9.3-cp39-cp39-musllinux_1_1_aarch64.whl", hash = "sha256:93cd1967a18aa0edd4b95b1dfd554cf15af657cb606280996d393dadc88c3c35"},
    {file = "psycopg2_binary-2.9.3-cp39-cp39-musllinux_1_1_i686.whl", hash = "sha256:bda845b664bb6c91446ca9609fc69f7db6c334ec5e4adc87571c34e4f47b7ddb"},
    {file = "psycopg2_binary-2.9.3-cp39-cp39-musllinux_1_1_ppc64le.whl", hash = "sha256:01310cf4cf26db9aea5158c217caa92d291f0500051a6469ac52166e1a16f5b7"},
    {file = "psycopg2_binary-2.9.3-cp39-cp39-musllinux_1_1_x86_64.whl", hash = "sha256:99485cab9ba0fa9b84f1f9e1fef106f44a46ef6afdeec8885e0b88d0772b49e8"},
    {file = "psycopg2_binary-2.9.3-cp39-cp39-win32.whl", hash = "sha256:46f0e0a6b5fa5851bbd9ab1bc805eef362d3a230fbdfbc209f4a236d0a7a990d"},
    {file = "psycopg2_binary-2.9.3-cp39-cp39-win_amd64.whl", hash = "sha256:accfe7e982411da3178ec690baaceaad3c278652998b2c45828aaac66cd8285f"},
]

[[package]]
name = "pyjwt"
version = "1.7.1"
summary = "JSON Web Token implementation in Python"
groups = ["default"]
files = [
    {file = "PyJWT-1.7.1-py2.py3-none-any.whl", hash = "sha256:5c6eca3c2940464d106b99ba83b00c6add741c9becaec087fb7ccdefea71350e"},
    {file = "PyJWT-1.7.1.tar.gz", hash = "sha256:8d59a976fb773f3e6a39c85636357c4f0e242707394cadadd9814f5cbaa20e96"},
]

[[package]]
name = "pyparsing"
version = "3.0.9"
requires_python = ">=3.6.8"
summary = "pyparsing module - Classes and methods to define and execute parsing grammars"
groups = ["default"]
files = [
    {file = "pyparsing-3.0.9-py3-none-any.whl", hash = "sha256:5026bae9a10eeaefb61dab2f09052b9f4307d44aee4eda64b309723d8d206bbc"},
    {file = "pyparsing-3.0.9.tar.gz", hash = "sha256:2b020ecf7d21b687f219b71ecad3631f644a47f01403fa1d1036b0c6416d70fb"},
]

[[package]]
name = "pyproj"
version = "3.6.1"
requires_python = ">=3.9"
summary = "Python interface to PROJ (cartographic projections and coordinate transformations library)"
groups = ["default"]
dependencies = [
    "certifi",
]
files = [
    {file = "pyproj-3.6.1-cp39-cp39-macosx_10_9_x86_64.whl", hash = "sha256:4ba1f9b03d04d8cab24d6375609070580a26ce76eaed54631f03bab00a9c737b"},
    {file = "pyproj-3.6.1-cp39-cp39-macosx_11_0_arm64.whl", hash = "sha256:18faa54a3ca475bfe6255156f2f2874e9a1c8917b0004eee9f664b86ccc513d3"},
    {file = "pyproj-3.6.1-cp39-cp39-manylinux_2_17_aarch64.manylinux2014_aarch64.whl", hash = "sha256:fd43bd9a9b9239805f406fd82ba6b106bf4838d9ef37c167d3ed70383943ade1"},
    {file = "pyproj-3.6.1-cp39-cp39-manylinux_2_17_x86_64.manylinux2014_x86_64.whl", hash = "sha256:50100b2726a3ca946906cbaa789dd0749f213abf0cbb877e6de72ca7aa50e1ae"},
    {file = "pyproj-3.6.1-cp39-cp39-win32.whl", hash = "sha256:9274880263256f6292ff644ca92c46d96aa7e57a75c6df3f11d636ce845a1877"},
    {file = "pyproj-3.6.1-cp39-cp39-win_amd64.whl", hash = "sha256:36b64c2cb6ea1cc091f329c5bd34f9c01bb5da8c8e4492c709bda6a09f96808f"},
    {file = "pyproj-3.6.1-pp39-pypy39_pp73-macosx_10_9_x86_64.whl", hash = "sha256:fd93c1a0c6c4aedc77c0fe275a9f2aba4d59b8acf88cebfc19fe3c430cfabf4f"},
    {file = "pyproj-3.6.1-pp39-pypy39_pp73-manylinux_2_17_x86_64.manylinux2014_x86_64.whl", hash = "sha256:6420ea8e7d2a88cb148b124429fba8cd2e0fae700a2d96eab7083c0928a85110"},
    {file = "pyproj-3.6.1.tar.gz", hash = "sha256:44aa7c704c2b7d8fb3d483bbf75af6cb2350d30a63b144279a09b75fead501bf"},
]

[[package]]
name = "pysolr"
version = "3.6.0"
summary = "Lightweight python wrapper for Apache Solr."
groups = ["default"]
dependencies = [
    "requests>=2.9.1",
]
files = [
    {file = "pysolr-3.6.0-py2.py3-none-any.whl", hash = "sha256:fd1233e80dcfb7405ca5a33982f485f2ab2f8dffc675c52eff3b33eec950c060"},
    {file = "pysolr-3.6.0.tar.gz", hash = "sha256:f94292c1002dbbbfaecaad18fec39cc4bff843b459c8851a2234f2799788ac6f"},
]

[[package]]
name = "python-dateutil"
version = "2.8.2"
requires_python = "!=3.0.*,!=3.1.*,!=3.2.*,>=2.7"
summary = "Extensions to the standard Python datetime module"
groups = ["default"]
dependencies = [
    "six>=1.5",
]
files = [
    {file = "python-dateutil-2.8.2.tar.gz", hash = "sha256:0123cacc1627ae19ddf3c27a5de5bd67ee4586fbdd6440d9748f8abb483d3e86"},
    {file = "python_dateutil-2.8.2-py2.py3-none-any.whl", hash = "sha256:961d03dc3453ebbc59dbdea9e4e11c5651520a876d0f4db161e8674aae935da9"},
]

[[package]]
name = "python-editor"
version = "1.0.4"
summary = "Programmatically open an editor, capture the result."
groups = ["default"]
files = [
    {file = "python-editor-1.0.4.tar.gz", hash = "sha256:51fda6bcc5ddbbb7063b2af7509e43bd84bfc32a4ff71349ec7847713882327b"},
    {file = "python_editor-1.0.4-py3-none-any.whl", hash = "sha256:1bf6e860a8ad52a14c3ee1252d5dc25b2030618ed80c022598f00176adc8367d"},
]

[[package]]
name = "python-magic"
version = "0.4.15"
summary = "File type identification using libmagic"
groups = ["default"]
files = [
    {file = "python-magic-0.4.15.tar.gz", hash = "sha256:f3765c0f582d2dfc72c15f3b5a82aecfae9498bd29ca840d72f37d7bd38bfcd5"},
    {file = "python_magic-0.4.15-py2.py3-none-any.whl", hash = "sha256:f2674dcfad52ae6c49d4803fa027809540b130db1dec928cfbb9240316831375"},
]

[[package]]
name = "python-slugify"
version = "8.0.4"
requires_python = ">=3.7"
summary = "A Python slugify application that also handles Unicode"
groups = ["default"]
marker = "python_version >= \"3.0\""
dependencies = [
    "text-unidecode>=1.3",
]
files = [
    {file = "python-slugify-8.0.4.tar.gz", hash = "sha256:59202371d1d05b54a9e7720c5e038f928f45daaffe41dd10822f3907b937c856"},
    {file = "python_slugify-8.0.4-py2.py3-none-any.whl", hash = "sha256:276540b79961052b66b7d116620b36518847f52d5fd9e3a70164fc8c50faa6b8"},
]

[[package]]
name = "pytz"
version = "2024.2"
summary = "World timezone definitions, modern and historical"
groups = ["default"]
files = [
    {file = "pytz-2024.2-py2.py3-none-any.whl", hash = "sha256:31c7c1817eb7fae7ca4b8c7ee50c72f93aa2dd863de768e1ef4245d426aa0725"},
    {file = "pytz-2024.2.tar.gz", hash = "sha256:2aa355083c50a0f93fa581709deac0c9ad65cca8a9e9beac660adcbd493c798a"},
]

[[package]]
name = "pyutilib"
version = "5.7.1"
requires_python = ">=2.7, !=3.0.*, !=3.1.*, !=3.2.*, !=3.3.*"
summary = "PyUtilib: A collection of Python utilities"
groups = ["default"]
dependencies = [
    "nose",
    "six",
]
files = [
    {file = "PyUtilib-5.7.1-py2.py3-none-any.whl", hash = "sha256:22d6aa4dd9225448e23f1bc4e2fd2a2a61215447c6f18a0e44e94fbe5bf66756"},
    {file = "PyUtilib-5.7.1.tar.gz", hash = "sha256:b9cff12af85e3b3d4af528294d26f5c7b105cfe9d124223d7910ed8a0b93b1d4"},
]

[[package]]
name = "pyyaml"
version = "5.4.1"
requires_python = ">=2.7, !=3.0.*, !=3.1.*, !=3.2.*, !=3.3.*, !=3.4.*, !=3.5.*"
summary = "YAML parser and emitter for Python"
groups = ["default"]
files = [
    {file = "PyYAML-5.4.1-cp39-cp39-macosx_10_9_x86_64.whl", hash = "sha256:294db365efa064d00b8d1ef65d8ea2c3426ac366c0c4368d930bf1c5fb497f77"},
    {file = "PyYAML-5.4.1-cp39-cp39-manylinux1_x86_64.whl", hash = "sha256:74c1485f7707cf707a7aef42ef6322b8f97921bd89be2ab6317fd782c2d53183"},
    {file = "PyYAML-5.4.1-cp39-cp39-manylinux2014_aarch64.whl", hash = "sha256:d483ad4e639292c90170eb6f7783ad19490e7a8defb3e46f97dfe4bacae89122"},
    {file = "PyYAML-5.4.1-cp39-cp39-manylinux2014_s390x.whl", hash = "sha256:fdc842473cd33f45ff6bce46aea678a54e3d21f1b61a7750ce3c498eedfe25d6"},
    {file = "PyYAML-5.4.1-cp39-cp39-win32.whl", hash = "sha256:49d4cdd9065b9b6e206d0595fee27a96b5dd22618e7520c33204a4a3239d5b10"},
    {file = "PyYAML-5.4.1-cp39-cp39-win_amd64.whl", hash = "sha256:c20cfa2d49991c8b4147af39859b167664f2ad4561704ee74c1de03318e898db"},
    {file = "PyYAML-5.4.1.tar.gz", hash = "sha256:607774cbba28732bfa802b54baa7484215f530991055bb562efbed5b2f20a45e"},
]

[[package]]
name = "redis"
version = "3.5.3"
requires_python = ">=2.7, !=3.0.*, !=3.1.*, !=3.2.*, !=3.3.*, !=3.4.*"
summary = "Python client for Redis key-value store"
groups = ["default"]
files = [
    {file = "redis-3.5.3-py2.py3-none-any.whl", hash = "sha256:432b788c4530cfe16d8d943a09d40ca6c16149727e4afe8c2c9d5580c59d9f24"},
    {file = "redis-3.5.3.tar.gz", hash = "sha256:0e7e0cfca8660dea8b7d5cd8c4f6c5e29e11f31158c0b0ae91a397f00e5a05a2"},
]

[[package]]
name = "repoze-lru"
version = "0.7"
summary = "A tiny LRU cache implementation and decorator"
groups = ["default"]
files = [
    {file = "repoze.lru-0.7-py3-none-any.whl", hash = "sha256:f77bf0e1096ea445beadd35f3479c5cff2aa1efe604a133e67150bc8630a62ea"},
    {file = "repoze.lru-0.7.tar.gz", hash = "sha256:0429a75e19380e4ed50c0694e26ac8819b4ea7851ee1fc7583c8572db80aff77"},
]

[[package]]
name = "repoze-who"
version = "2.3"
summary = "repoze.who is an identification and authentication framework for WSGI."
groups = ["default"]
dependencies = [
    "WebOb",
    "setuptools",
    "zope-interface",
]
files = [
    {file = "repoze.who-2.3-py3-none-any.whl", hash = "sha256:bc38943b62e79df7971fcf40f2c6b17b6b626aef0f81717d7aaedc47ed94735b"},
    {file = "repoze.who-2.3.tar.gz", hash = "sha256:b95dadc1242acc55950115a629cfb1352669774b46d22def51400ca683efea28"},
]

[[package]]
name = "requests"
version = "2.25.1"
requires_python = ">=2.7, !=3.0.*, !=3.1.*, !=3.2.*, !=3.3.*, !=3.4.*"
summary = "Python HTTP for Humans."
groups = ["default"]
dependencies = [
    "certifi>=2017.4.17",
    "chardet<5,>=3.0.2",
    "idna<3,>=2.5",
    "urllib3<1.27,>=1.21.1",
]
files = [
    {file = "requests-2.25.1-py2.py3-none-any.whl", hash = "sha256:c210084e36a42ae6b9219e00e48287def368a26d03a048ddad7bfee44f75871e"},
    {file = "requests-2.25.1.tar.gz", hash = "sha256:27973dd4a904a4f13b263a19c866c13b92a39ed1c964655f025f3f8d3d75b804"},
]

[[package]]
name = "routes"
version = "1.13"
summary = "Routing Recognition and Generation Tools"
groups = ["default"]
dependencies = [
    "repoze-lru>=0.3",
]
files = [
    {file = "Routes-1.13.tar.gz", hash = "sha256:cc03d1a357cdb7af82e3909ee8ff93cb2b2afb48aca23bfde0117d6f49f624a7"},
]

[[package]]
name = "rq"
version = "1.0"
requires_python = ">=2.7"
summary = "RQ is a simple, lightweight, library for creating background jobs, and processing them."
groups = ["default"]
dependencies = [
    "click>=5.0",
    "redis>=3.0.0",
]
files = [
    {file = "rq-1.0.tar.gz", hash = "sha256:22de332ed7e061634eb893dc8cc9ca96c8641480f46c403cabef8d43a2eca867"},
]

[[package]]
name = "s3transfer"
version = "0.5.2"
requires_python = ">= 3.6"
summary = "An Amazon S3 Transfer Manager"
groups = ["default"]
dependencies = [
    "botocore<2.0a.0,>=1.12.36",
]
files = [
    {file = "s3transfer-0.5.2-py3-none-any.whl", hash = "sha256:7a6f4c4d1fdb9a2b640244008e142cbc2cd3ae34b386584ef044dd0f27101971"},
    {file = "s3transfer-0.5.2.tar.gz", hash = "sha256:95c58c194ce657a5f4fb0b9e60a84968c808888aed628cd98ab8771fe1db98ed"},
]

[[package]]
name = "setuptools"
version = "79.0.0"
requires_python = ">=3.9"
summary = "Easily download, build, install, upgrade, and uninstall Python packages"
groups = ["default"]
files = [
    {file = "setuptools-79.0.0-py3-none-any.whl", hash = "sha256:b9ab3a104bedb292323f53797b00864e10e434a3ab3906813a7169e4745b912a"},
    {file = "setuptools-79.0.0.tar.gz", hash = "sha256:9828422e7541213b0aacb6e10bbf9dd8febeaa45a48570e09b6d100e063fc9f9"},
]

[[package]]
name = "shapely"
version = "1.7.1"
summary = "Geometric objects, predicates, and operations"
groups = ["default"]
files = [
    {file = "Shapely-1.7.1-1-cp39-cp39-manylinux1_x86_64.whl", hash = "sha256:46da0ea527da9cf9503e66c18bab6981c5556859e518fe71578b47126e54ca93"},
    {file = "Shapely-1.7.1-cp39-cp39-macosx_10_9_x86_64.whl", hash = "sha256:617bf046a6861d7c6b44d2d9cb9e2311548638e684c2cd071d8945f24a926263"},
    {file = "Shapely-1.7.1-cp39-cp39-manylinux1_x86_64.whl", hash = "sha256:b40cc7bb089ae4aa9ddba1db900b4cd1bce3925d2a4b5837b639e49de054784f"},
    {file = "Shapely-1.7.1-cp39-cp39-win32.whl", hash = "sha256:2df5260d0f2983309776cb41bfa85c464ec07018d88c0ecfca23d40bfadae2f1"},
    {file = "Shapely-1.7.1-cp39-cp39-win_amd64.whl", hash = "sha256:a5c3a50d823c192f32615a2a6920e8c046b09e07a58eba220407335a9cd2e8ea"},
    {file = "Shapely-1.7.1.tar.gz", hash = "sha256:1641724c1055459a7e2b8bbe47ba25bdc89554582e62aec23cb3f3ca25f9b129"},
]

[[package]]
name = "shutilwhich"
version = "1.1.0"
summary = "shutil.which for those not using Python 3.3 yet."
groups = ["default"]
files = [
    {file = "shutilwhich-1.1.0.tar.gz", hash = "sha256:db1f39c6461e42f630fa617bb8c79090f7711c9ca493e615e43d0610ecb64dc6"},
]

[[package]]
name = "simplejson"
version = "3.10.0"
summary = "Simple, fast, extensible JSON encoder/decoder for Python"
groups = ["default"]
files = [
    {file = "simplejson-3.10.0.tar.gz", hash = "sha256:953be622e88323c6f43fad61ffd05bebe73b9fd9863a46d68b052d2aa7d71ce2"},
]

[[package]]
name = "six"
version = "1.16.0"
requires_python = ">=2.7, !=3.0.*, !=3.1.*, !=3.2.*"
summary = "Python 2 and 3 compatibility utilities"
groups = ["default"]
files = [
    {file = "six-1.16.0-py2.py3-none-any.whl", hash = "sha256:8abb2f1d86890a2dfb989f9a77cfcfd3e47c2a354b01111771326f8aa26e0254"},
    {file = "six-1.16.0.tar.gz", hash = "sha256:1e61c37477a1626458e36f7b1d82aa5c9b094fa4802892072e49de9c60c4c926"},
]

[[package]]
name = "sqlalchemy"
version = "1.3.5"
requires_python = ">=2.7, !=3.0.*, !=3.1.*, !=3.2.*, !=3.3.*"
summary = "Database Abstraction Library"
groups = ["default"]
files = [
    {file = "SQLAlchemy-1.3.5.tar.gz", hash = "sha256:c30925d60af95443458ebd7525daf791f55762b106049ae71e18f8dd58084c2f"},
]

[[package]]
name = "sqlparse"
version = "0.3.0"
requires_python = ">=2.7, !=3.0.*, !=3.1.*, !=3.2.*, !=3.3.*"
summary = "Non-validating SQL parser"
groups = ["default"]
files = [
    {file = "sqlparse-0.3.0-py2.py3-none-any.whl", hash = "sha256:40afe6b8d4b1117e7dff5504d7a8ce07d9a1b15aeeade8a2d10f130a834f8177"},
    {file = "sqlparse-0.3.0.tar.gz", hash = "sha256:7c3dca29c022744e95b547e867cee89f4fce4373f3549ccd8797d8eb52cdb873"},
]

[[package]]
name = "text-unidecode"
version = "1.3"
summary = "The most basic Text::Unidecode port"
groups = ["default"]
marker = "python_version >= \"3.0\""
files = [
    {file = "text-unidecode-1.3.tar.gz", hash = "sha256:bad6603bb14d279193107714b288be206cac565dfa49aa5b105294dd5c4aab93"},
    {file = "text_unidecode-1.3-py2.py3-none-any.whl", hash = "sha256:1311f10e8b895935241623731c2ba64f4c455287888b18189350b67134a822e8"},
]

[[package]]
name = "tzlocal"
version = "1.3"
summary = "tzinfo object for the local timezone"
groups = ["default"]
dependencies = [
    "pytz",
]
files = [
    {file = "tzlocal-1.3.tar.gz", hash = "sha256:d160c2ce4f8b1831dabfe766bd844cf9012f766539cf84139c2faac5201882ce"},
]

[[package]]
name = "unicodecsv"
version = "0.14.1"
summary = "Python2's stdlib csv module is nice, but it doesn't support unicode. This module is a drop-in replacement which *does*."
groups = ["default"]
files = [
    {file = "unicodecsv-0.14.1.tar.gz", hash = "sha256:018c08037d48649a0412063ff4eda26eaa81eff1546dbffa51fa5293276ff7fc"},
]

[[package]]
name = "urllib3"
version = "1.26.6"
requires_python = ">=2.7, !=3.0.*, !=3.1.*, !=3.2.*, !=3.3.*, !=3.4.*, <4"
summary = "HTTP library with thread-safe connection pooling, file post, and more."
groups = ["default"]
files = [
    {file = "urllib3-1.26.6-py2.py3-none-any.whl", hash = "sha256:39fb8672126159acb139a7718dd10806104dec1e2f0f6c88aab05d17df10c8d4"},
    {file = "urllib3-1.26.6.tar.gz", hash = "sha256:f57b4c16c62fa2760b7e3d97c35b255512fb6b59a259730f36ba32ce9f8e342f"},
]

[[package]]
name = "watchdog"
version = "2.1.5"
requires_python = ">=3.6"
summary = "Filesystem events monitoring"
groups = ["default"]
files = [
    {file = "watchdog-2.1.5-cp39-cp39-macosx_10_9_universal2.whl", hash = "sha256:6f3ad1d973fe8fc8fe64ba38f6a934b74346342fa98ef08ad5da361a05d46044"},
    {file = "watchdog-2.1.5-cp39-cp39-macosx_10_9_x86_64.whl", hash = "sha256:41d44ef21a77a32b55ce9bf59b75777063751f688de51098859b7c7f6466589a"},
    {file = "watchdog-2.1.5-cp39-cp39-macosx_11_0_arm64.whl", hash = "sha256:ed4ca4351cd2bb0d863ee737a2011ca44d8d8be19b43509bd4507f8a449b376b"},
    {file = "watchdog-2.1.5-py3-none-manylinux2014_aarch64.whl", hash = "sha256:50a7f81f99d238f72185f481b493f9de80096e046935b60ea78e1276f3d76960"},
    {file = "watchdog-2.1.5-py3-none-manylinux2014_armv7l.whl", hash = "sha256:e40e33a4889382824846b4baa05634e1365b47c6fa40071dc2d06b4d7c715fc1"},
    {file = "watchdog-2.1.5-py3-none-manylinux2014_i686.whl", hash = "sha256:78b1514067ff4089f4dac930b043a142997a5b98553120919005e97fbaba6546"},
    {file = "watchdog-2.1.5-py3-none-manylinux2014_ppc64.whl", hash = "sha256:58ae842300cbfe5e62fb068c83901abe76e4f413234b7bec5446e4275eb1f9cb"},
    {file = "watchdog-2.1.5-py3-none-manylinux2014_ppc64le.whl", hash = "sha256:b0cc7d8b7d60da6c313779d85903ce39a63d89d866014b085f720a083d5f3e9a"},
    {file = "watchdog-2.1.5-py3-none-manylinux2014_s390x.whl", hash = "sha256:e60d3bb7166b7cb830b86938d1eb0e6cfe23dfd634cce05c128f8f9967895193"},
    {file = "watchdog-2.1.5-py3-none-manylinux2014_x86_64.whl", hash = "sha256:51af09ae937ada0e9a10cc16988ec03c649754a91526170b6839b89fc56d6acb"},
    {file = "watchdog-2.1.5-py3-none-win32.whl", hash = "sha256:9391003635aa783957b9b11175d9802d3272ed67e69ef2e3394c0b6d9d24fa9a"},
    {file = "watchdog-2.1.5-py3-none-win_amd64.whl", hash = "sha256:eab14adfc417c2c983fbcb2c73ef3f28ba6990d1fff45d1180bf7e38bda0d98d"},
    {file = "watchdog-2.1.5-py3-none-win_ia64.whl", hash = "sha256:a2888a788893c4ef7e562861ec5433875b7915f930a5a7ed3d32c048158f1be5"},
    {file = "watchdog-2.1.5.tar.gz", hash = "sha256:5563b005907613430ef3d4aaac9c78600dd5704e84764cb6deda4b3d72807f09"},
]

[[package]]
name = "webassets"
version = "0.12.1"
summary = "Media asset management for Python, with glue code for various web frameworks"
groups = ["default"]
files = [
    {file = "webassets-0.12.1.tar.gz", hash = "sha256:e7d9c8887343123fd5b32309b33167428cb1318cdda97ece12d0907fd69d38db"},
]

[[package]]
name = "webencodings"
version = "0.5.1"
summary = "Character encoding aliases for legacy web content"
groups = ["default"]
files = [
    {file = "webencodings-0.5.1-py2.py3-none-any.whl", hash = "sha256:a0af1213f3c2226497a97e2b3aa01a7e4bee4f403f95be16fc9acd2947514a78"},
    {file = "webencodings-0.5.1.tar.gz", hash = "sha256:b36a1c245f2d304965eb4e0a82848379241dc04b865afcc4aab16748587e1923"},
]

[[package]]
name = "webob"
version = "1.8.7"
requires_python = ">=2.7,!=3.0.*,!=3.1.*,!=3.2.*"
summary = "WSGI request and response object"
groups = ["default"]
files = [
    {file = "WebOb-1.8.7-py2.py3-none-any.whl", hash = "sha256:73aae30359291c14fa3b956f8b5ca31960e420c28c1bec002547fb04928cf89b"},
    {file = "WebOb-1.8.7.tar.gz", hash = "sha256:b64ef5141be559cfade448f044fa45c2260351edcb6a8ef6b7e00c7dcef0c323"},
]

[[package]]
name = "werkzeug"
version = "1.0.0"
requires_python = ">=2.7, !=3.0.*, !=3.1.*, !=3.2.*, !=3.3.*, !=3.4.*"
summary = "The comprehensive WSGI web application library."
groups = ["default"]
files = [
    {file = "Werkzeug-1.0.0-py2.py3-none-any.whl", hash = "sha256:6dc65cf9091cf750012f56f2cad759fa9e879f511b5ff8685e456b4e3bf90d16"},
    {file = "Werkzeug-1.0.0.tar.gz", hash = "sha256:169ba8a33788476292d04186ab33b01d6add475033dfc07215e6d219cc077096"},
]

[[package]]
name = "werkzeug"
version = "1.0.0"
extras = ["watchdog"]
requires_python = ">=2.7, !=3.0.*, !=3.1.*, !=3.2.*, !=3.3.*, !=3.4.*"
summary = "The comprehensive WSGI web application library."
groups = ["default"]
dependencies = [
    "watchdog",
    "werkzeug==1.0.0",
]
files = [
    {file = "Werkzeug-1.0.0-py2.py3-none-any.whl", hash = "sha256:6dc65cf9091cf750012f56f2cad759fa9e879f511b5ff8685e456b4e3bf90d16"},
    {file = "Werkzeug-1.0.0.tar.gz", hash = "sha256:169ba8a33788476292d04186ab33b01d6add475033dfc07215e6d219cc077096"},
]

[[package]]
name = "xmltodict"
version = "0.14.2"
requires_python = ">=3.6"
summary = "Makes working with XML feel like you are working with JSON"
groups = ["default"]
files = [
    {file = "xmltodict-0.14.2-py2.py3-none-any.whl", hash = "sha256:20cc7d723ed729276e808f26fb6b3599f786cbc37e06c65e192ba77c40f20aac"},
    {file = "xmltodict-0.14.2.tar.gz", hash = "sha256:201e7c28bb210e374999d1dde6382923ab0ed1a8a5faeece48ab525b7810a553"},
]

[[package]]
name = "zope-interface"
version = "5.2.0"
requires_python = ">=2.7, !=3.0.*, !=3.1.*, !=3.2.*, !=3.3.*, !=3.4.*"
summary = "Interfaces for Python"
groups = ["default"]
dependencies = [
    "setuptools",
]
files = [
    {file = "zope.interface-5.2.0-cp39-cp39-macosx_10_9_x86_64.whl", hash = "sha256:4b94df9f2fdde7b9314321bab8448e6ad5a23b80542dcab53e329527d4099dcb"},
    {file = "zope.interface-5.2.0-cp39-cp39-manylinux1_i686.whl", hash = "sha256:6936aa9da390402d646a32a6a38d5409c2d2afb2950f045a7d02ab25a4e7d08d"},
    {file = "zope.interface-5.2.0-cp39-cp39-manylinux1_x86_64.whl", hash = "sha256:adf9ee115ae8ff8b6da4b854b4152f253b390ba64407a22d75456fe07dcbda65"},
    {file = "zope.interface-5.2.0-cp39-cp39-manylinux2010_i686.whl", hash = "sha256:f44906f70205d456d503105023041f1e63aece7623b31c390a0103db4de17537"},
    {file = "zope.interface-5.2.0-cp39-cp39-manylinux2010_x86_64.whl", hash = "sha256:f057897711a630a0b7a6a03f1acf379b6ba25d37dc5dc217a97191984ba7f2fc"},
    {file = "zope.interface-5.2.0-cp39-cp39-manylinux2014_aarch64.whl", hash = "sha256:05a97ba92c1c7c26f25c9f671aa1ef85ffead6cdad13770e5b689cf983adc7e1"},
    {file = "zope.interface-5.2.0-cp39-cp39-win32.whl", hash = "sha256:27c267dc38a0f0079e96a2945ee65786d38ef111e413c702fbaaacbab6361d00"},
    {file = "zope.interface-5.2.0-cp39-cp39-win_amd64.whl", hash = "sha256:a2b6d6eb693bc2fc6c484f2e5d93bd0b0da803fa77bf974f160533e555e4d095"},
    {file = "zope.interface-5.2.0.tar.gz", hash = "sha256:8251f06a77985a2729a8bdbefbae79ee78567dddc3acbd499b87e705ca59fe24"},
]